
Microsoft Visual Studio Solution File, Format Version 12.00
# Visual Studio Version 17
VisualStudioVersion = 17.5.002.0
MinimumVisualStudioVersion = 10.0.40219.1
Project("{9A19103F-16F7-4668-BE54-9A1E7A4F7556}") = "mvcKeyner", "mvcKeyner\mvcKeyner.csproj", "{D0F2D644-9C54-4806-A19F-BD5EE77F695A}"
EndProject
Global
	GlobalSection(SolutionConfigurationPlatforms) = preSolution
		Debug|Any CPU = Debug|Any CPU
		Release|Any CPU = Release|Any CPU
	EndGlobalSection
	GlobalSection(ProjectConfigurationPlatforms) = postSolution
		{D0F2D644-9C54-4806-A19F-BD5EE77F695A}.Debug|Any CPU.ActiveCfg = Debug|Any CPU
		{D0F2D644-9C54-4806-A19F-BD5EE77F695A}.Debug|Any CPU.Build.0 = Debug|Any CPU
		{D0F2D644-9C54-4806-A19F-BD5EE77F695A}.Release|Any CPU.ActiveCfg = Release|Any CPU
		{D0F2D644-9C54-4806-A19F-BD5EE77F695A}.Release|Any CPU.Build.0 = Release|Any CPU
	EndGlobalSection
	GlobalSection(SolutionProperties) = preSolution
		HideSolutionNode = FALSE
	EndGlobalSection
	GlobalSection(ExtensibilityGlobals) = postSolution
		SolutionGuid = {55E3FAD5-91E9-458E-B300-2D58B9D210FD}
	EndGlobalSection
EndGlobal
